
Microsoft Visual Studio Solution File, Format Version 12.00
# Visual Studio Version 17
VisualStudioVersion = 17.5.33627.172
MinimumVisualStudioVersion = 10.0.40219.1
Project("{9A19103F-16F7-4668-BE54-9A1E7A4F7556}") = "TicketingSystem", "Module02-sql\TicketingSystem.csproj", "{B7A15656-1039-41D8-BA1A-1C866A1A35B2}"
EndProject
Project("{9A19103F-16F7-4668-BE54-9A1E7A4F7556}") = "TicketingSystem.Domain", "TicketingSystem.Domain\TicketingSystem.Domain.csproj", "{B84D0989-7DA9-4557-A999-9F53D137E363}"
EndProject
Project("{9A19103F-16F7-4668-BE54-9A1E7A4F7556}") = "TicketingSystem.Infrastructure", "TicketingSystem.Infrastructure\TicketingSystem.Infrastructure.csproj", "{296FCE71-2972-40F5-A61B-68D2E5D70E9F}"
EndProject
Project("{9A19103F-16F7-4668-BE54-9A1E7A4F7556}") = "TicketingSystem.Services", "TicketingSystem.Services\TicketingSystem.Services.csproj", "{5634B632-B06B-47DF-984B-268578AD6415}"
EndProject
Project("{9A19103F-16F7-4668-BE54-9A1E7A4F7556}") = "TicketingSystem.Tests.Unit", "Tests\TicketingSystem.Tests.Unit\TicketingSystem.Tests.Unit.csproj", "{06CA98D6-3B36-4F1E-888A-A73021CC4459}"
EndProject
Project("{FAE04EC0-301F-11D3-BF4B-00C04F79EFBC}") = "TicketingSystem.EmailService", "TicketingSystem.EmailService\TicketingSystem.EmailService.csproj", "{6F2452A9-086B-4406-8033-BEF42F6D117E}"
EndProject
Global
	GlobalSection(SolutionConfigurationPlatforms) = preSolution
		Debug|Any CPU = Debug|Any CPU
		Release|Any CPU = Release|Any CPU
	EndGlobalSection
	GlobalSection(ProjectConfigurationPlatforms) = postSolution
		{B7A15656-1039-41D8-BA1A-1C866A1A35B2}.Debug|Any CPU.ActiveCfg = Debug|Any CPU
		{B7A15656-1039-41D8-BA1A-1C866A1A35B2}.Debug|Any CPU.Build.0 = Debug|Any CPU
		{B7A15656-1039-41D8-BA1A-1C866A1A35B2}.Release|Any CPU.ActiveCfg = Release|Any CPU
		{B7A15656-1039-41D8-BA1A-1C866A1A35B2}.Release|Any CPU.Build.0 = Release|Any CPU
		{B84D0989-7DA9-4557-A999-9F53D137E363}.Debug|Any CPU.ActiveCfg = Debug|Any CPU
		{B84D0989-7DA9-4557-A999-9F53D137E363}.Debug|Any CPU.Build.0 = Debug|Any CPU
		{B84D0989-7DA9-4557-A999-9F53D137E363}.Release|Any CPU.ActiveCfg = Release|Any CPU
		{B84D0989-7DA9-4557-A999-9F53D137E363}.Release|Any CPU.Build.0 = Release|Any CPU
		{296FCE71-2972-40F5-A61B-68D2E5D70E9F}.Debug|Any CPU.ActiveCfg = Debug|Any CPU
		{296FCE71-2972-40F5-A61B-68D2E5D70E9F}.Debug|Any CPU.Build.0 = Debug|Any CPU
		{296FCE71-2972-40F5-A61B-68D2E5D70E9F}.Release|Any CPU.ActiveCfg = Release|Any CPU
		{296FCE71-2972-40F5-A61B-68D2E5D70E9F}.Release|Any CPU.Build.0 = Release|Any CPU
		{5634B632-B06B-47DF-984B-268578AD6415}.Debug|Any CPU.ActiveCfg = Debug|Any CPU
		{5634B632-B06B-47DF-984B-268578AD6415}.Debug|Any CPU.Build.0 = Debug|Any CPU
		{5634B632-B06B-47DF-984B-268578AD6415}.Release|Any CPU.ActiveCfg = Release|Any CPU
		{5634B632-B06B-47DF-984B-268578AD6415}.Release|Any CPU.Build.0 = Release|Any CPU
		{06CA98D6-3B36-4F1E-888A-A73021CC4459}.Debug|Any CPU.ActiveCfg = Debug|Any CPU
		{06CA98D6-3B36-4F1E-888A-A73021CC4459}.Debug|Any CPU.Build.0 = Debug|Any CPU
		{06CA98D6-3B36-4F1E-888A-A73021CC4459}.Release|Any CPU.ActiveCfg = Release|Any CPU
		{06CA98D6-3B36-4F1E-888A-A73021CC4459}.Release|Any CPU.Build.0 = Release|Any CPU
		{6F2452A9-086B-4406-8033-BEF42F6D117E}.Debug|Any CPU.ActiveCfg = Debug|Any CPU
		{6F2452A9-086B-4406-8033-BEF42F6D117E}.Debug|Any CPU.Build.0 = Debug|Any CPU
		{6F2452A9-086B-4406-8033-BEF42F6D117E}.Release|Any CPU.ActiveCfg = Release|Any CPU
		{6F2452A9-086B-4406-8033-BEF42F6D117E}.Release|Any CPU.Build.0 = Release|Any CPU
	EndGlobalSection
	GlobalSection(SolutionProperties) = preSolution
		HideSolutionNode = FALSE
	EndGlobalSection
	GlobalSection(ExtensibilityGlobals) = postSolution
		SolutionGuid = {9FE3E4AE-C295-428B-A055-A66EE587B8E5}
	EndGlobalSection
EndGlobal
